Microsoft Visual Studio Solution File, Format Version 12.00
# Visual Studio Version 17
VisualStudioVersion = 17.11.35208.52
MinimumVisualStudioVersion = 10.0.40219.1
Project("{9A19103F-16F7-4668-BE54-9A1E7A4F7556}") = "SharpSQL", "SharpSQL.csproj", "{914B792F-1D07-456F-8BA6-C2E768E6E19B}"
EndProject
Global
	GlobalSection(SolutionConfigurationPlatforms) = preSolution
		Debug|Any CPU = Debug|Any CPU
		Debug|x64 = Debug|x64
		Release|Any CPU = Release|Any CPU
		Release|x64 = Release|x64
	EndGlobalSection
	GlobalSection(ProjectConfigurationPlatforms) = postSolution
		{914B792F-1D07-456F-8BA6-C2E768E6E19B}.Debug|Any CPU.ActiveCfg = Debug|Any CPU
		{914B792F-1D07-456F-8BA6-C2E768E6E19B}.Debug|Any CPU.Build.0 = Debug|Any CPU
		{914B792F-1D07-456F-8BA6-C2E768E6E19B}.Debug|x64.ActiveCfg = Debug|x64
		{914B792F-1D07-456F-8BA6-C2E768E6E19B}.Debug|x64.Build.0 = Debug|x64
		{914B792F-1D07-456F-8BA6-C2E768E6E19B}.Release|Any CPU.ActiveCfg = Release|Any CPU
		{914B792F-1D07-456F-8BA6-C2E768E6E19B}.Release|Any CPU.Build.0 = Release|Any CPU
		{914B792F-1D07-456F-8BA6-C2E768E6E19B}.Release|x64.ActiveCfg = Release|x64
		{914B792F-1D07-456F-8BA6-C2E768E6E19B}.Release|x64.Build.0 = Release|x64
	EndGlobalSection
	GlobalSection(SolutionProperties) = preSolution
		HideSolutionNode = FALSE
	EndGlobalSection
	GlobalSection(ExtensibilityGlobals) = postSolution
		SolutionGuid = {ADCDE898-3890-4AA4-9897-4F4F5A2229F0}
	EndGlobalSection
EndGlobal
